
Microsoft Visual Studio Solution File, Format Version 12.00
# Visual Studio Version 17
VisualStudioVersion = 17.4.33103.184
MinimumVisualStudioVersion = 10.0.40219.1
Project("{9A19103F-16F7-4668-BE54-9A1E7A4F7556}") = "Chess", "Chess.csproj", "{7F16C5C1-6C8F-41EF-A433-8E7B636DA6A5}"
EndProject
Project("{9A19103F-16F7-4668-BE54-9A1E7A4F7556}") = "ChessTests", "..\ChessTests\ChessTests.csproj", "{AE55B4A3-C7AA-4276-AC87-8760617D7B98}"
EndProject
Project("{9A19103F-16F7-4668-BE54-9A1E7A4F7556}") = "ChessAPI", "..\ChessAPI\ChessAPI.csproj", "{65470AA0-105A-4F9B-83D8-5C59BED45D12}"
EndProject
Project("{FAE04EC0-301F-11D3-BF4B-00C04F79EFBC}") = "ChessBot", "..\ChessBot\ChessBot.csproj", "{3256D11D-7E9E-476D-A29F-863DFCF9DAC6}"
EndProject
Global
	GlobalSection(SolutionConfigurationPlatforms) = preSolution
		Debug|Any CPU = Debug|Any CPU
		Release|Any CPU = Release|Any CPU
	EndGlobalSection
	GlobalSection(ProjectConfigurationPlatforms) = postSolution
		{7F16C5C1-6C8F-41EF-A433-8E7B636DA6A5}.Debug|Any CPU.ActiveCfg = Debug|Any CPU
		{7F16C5C1-6C8F-41EF-A433-8E7B636DA6A5}.Debug|Any CPU.Build.0 = Debug|Any CPU
		{7F16C5C1-6C8F-41EF-A433-8E7B636DA6A5}.Release|Any CPU.ActiveCfg = Release|Any CPU
		{7F16C5C1-6C8F-41EF-A433-8E7B636DA6A5}.Release|Any CPU.Build.0 = Release|Any CPU
		{AE55B4A3-C7AA-4276-AC87-8760617D7B98}.Debug|Any CPU.ActiveCfg = Debug|Any CPU
		{AE55B4A3-C7AA-4276-AC87-8760617D7B98}.Debug|Any CPU.Build.0 = Debug|Any CPU
		{AE55B4A3-C7AA-4276-AC87-8760617D7B98}.Release|Any CPU.ActiveCfg = Release|Any CPU
		{AE55B4A3-C7AA-4276-AC87-8760617D7B98}.Release|Any CPU.Build.0 = Release|Any CPU
		{65470AA0-105A-4F9B-83D8-5C59BED45D12}.Debug|Any CPU.ActiveCfg = Debug|Any CPU
		{65470AA0-105A-4F9B-83D8-5C59BED45D12}.Debug|Any CPU.Build.0 = Debug|Any CPU
		{65470AA0-105A-4F9B-83D8-5C59BED45D12}.Release|Any CPU.ActiveCfg = Release|Any CPU
		{65470AA0-105A-4F9B-83D8-5C59BED45D12}.Release|Any CPU.Build.0 = Release|Any CPU
		{3256D11D-7E9E-476D-A29F-863DFCF9DAC6}.Debug|Any CPU.ActiveCfg = Debug|Any CPU
		{3256D11D-7E9E-476D-A29F-863DFCF9DAC6}.Debug|Any CPU.Build.0 = Debug|Any CPU
		{3256D11D-7E9E-476D-A29F-863DFCF9DAC6}.Release|Any CPU.ActiveCfg = Release|Any CPU
		{3256D11D-7E9E-476D-A29F-863DFCF9DAC6}.Release|Any CPU.Build.0 = Release|Any CPU
	EndGlobalSection
	GlobalSection(SolutionProperties) = preSolution
		HideSolutionNode = FALSE
	EndGlobalSection
	GlobalSection(ExtensibilityGlobals) = postSolution
		SolutionGuid = {CB2E6F6C-9560-4461-A13C-22F89795E6B1}
	EndGlobalSection
EndGlobal
