
Microsoft Visual Studio Solution File, Format Version 12.00
# Visual Studio Version 17
VisualStudioVersion = 17.4.33103.184
MinimumVisualStudioVersion = 10.0.40219.1
Project("{9A19103F-16F7-4668-BE54-9A1E7A4F7556}") = "ChessLogic", "ChessLogic.csproj", "{86A9303C-FC19-4CF6-AD22-938F3013EA73}"
EndProject
Project("{9A19103F-16F7-4668-BE54-9A1E7A4F7556}") = "ChessAPI", "..\ChessAPI\ChessAPI.csproj", "{C3084B9A-CD62-4231-89CF-F896682402E0}"
EndProject
Project("{9A19103F-16F7-4668-BE54-9A1E7A4F7556}") = "ChessTestsBack", "..\ChessTestsBack\ChessTestsBack.csproj", "{3B8EF6B2-1AAD-4D48-9524-101F86EC01C3}"
EndProject
Project("{9A19103F-16F7-4668-BE54-9A1E7A4F7556}") = "ChessBot", "..\ChessBot\ChessBot.csproj", "{6AA5735A-8CA2-4A08-A675-D39687628E14}"
EndProject
Global
	GlobalSection(SolutionConfigurationPlatforms) = preSolution
		Debug|Any CPU = Debug|Any CPU
		Release|Any CPU = Release|Any CPU
	EndGlobalSection
	GlobalSection(ProjectConfigurationPlatforms) = postSolution
		{86A9303C-FC19-4CF6-AD22-938F3013EA73}.Debug|Any CPU.ActiveCfg = Debug|Any CPU
		{86A9303C-FC19-4CF6-AD22-938F3013EA73}.Debug|Any CPU.Build.0 = Debug|Any CPU
		{86A9303C-FC19-4CF6-AD22-938F3013EA73}.Release|Any CPU.ActiveCfg = Release|Any CPU
		{86A9303C-FC19-4CF6-AD22-938F3013EA73}.Release|Any CPU.Build.0 = Release|Any CPU
		{C3084B9A-CD62-4231-89CF-F896682402E0}.Debug|Any CPU.ActiveCfg = Debug|Any CPU
		{C3084B9A-CD62-4231-89CF-F896682402E0}.Debug|Any CPU.Build.0 = Debug|Any CPU
		{C3084B9A-CD62-4231-89CF-F896682402E0}.Release|Any CPU.ActiveCfg = Release|Any CPU
		{C3084B9A-CD62-4231-89CF-F896682402E0}.Release|Any CPU.Build.0 = Release|Any CPU
		{3B8EF6B2-1AAD-4D48-9524-101F86EC01C3}.Debug|Any CPU.ActiveCfg = Debug|Any CPU
		{3B8EF6B2-1AAD-4D48-9524-101F86EC01C3}.Debug|Any CPU.Build.0 = Debug|Any CPU
		{3B8EF6B2-1AAD-4D48-9524-101F86EC01C3}.Release|Any CPU.ActiveCfg = Release|Any CPU
		{3B8EF6B2-1AAD-4D48-9524-101F86EC01C3}.Release|Any CPU.Build.0 = Release|Any CPU
		{6AA5735A-8CA2-4A08-A675-D39687628E14}.Debug|Any CPU.ActiveCfg = Debug|Any CPU
		{6AA5735A-8CA2-4A08-A675-D39687628E14}.Debug|Any CPU.Build.0 = Debug|Any CPU
		{6AA5735A-8CA2-4A08-A675-D39687628E14}.Release|Any CPU.ActiveCfg = Release|Any CPU
		{6AA5735A-8CA2-4A08-A675-D39687628E14}.Release|Any CPU.Build.0 = Release|Any CPU
	EndGlobalSection
	GlobalSection(SolutionProperties) = preSolution
		HideSolutionNode = FALSE
	EndGlobalSection
	GlobalSection(ExtensibilityGlobals) = postSolution
		SolutionGuid = {CB2E6F6C-9560-4461-A13C-22F89795E6B1}
	EndGlobalSection
EndGlobal
